
Microsoft Visual Studio Solution File, Format Version 12.00
# Visual Studio 2012
Project("{FAE04EC0-301F-11D3-BF4B-00C04F79EFBC}") = "SowingCalendar", "SowingCalendar\SowingCalendar.csproj", "{52BA316E-EC4F-4A35-B786-5E19A82BEB8A}"
EndProject
Project("{FAE04EC0-301F-11D3-BF4B-00C04F79EFBC}") = "SowingCalendar.Tests", "SowingCalendar.Tests\SowingCalendar.Tests.csproj", "{96414D85-F449-4D08-BAA3-AE56F76825B0}"
EndProject
Global
	GlobalSection(SolutionConfigurationPlatforms) = preSolution
		Debug|Any CPU = Debug|Any CPU
		Release|Any CPU = Release|Any CPU
	EndGlobalSection
	GlobalSection(ProjectConfigurationPlatforms) = postSolution
		{52BA316E-EC4F-4A35-B786-5E19A82BEB8A}.Debug|Any CPU.ActiveCfg = Debug|Any CPU
		{52BA316E-EC4F-4A35-B786-5E19A82BEB8A}.Debug|Any CPU.Build.0 = Debug|Any CPU
		{52BA316E-EC4F-4A35-B786-5E19A82BEB8A}.Release|Any CPU.ActiveCfg = Release|Any CPU
		{52BA316E-EC4F-4A35-B786-5E19A82BEB8A}.Release|Any CPU.Build.0 = Release|Any CPU
		{96414D85-F449-4D08-BAA3-AE56F76825B0}.Debug|Any CPU.ActiveCfg = Debug|Any CPU
		{96414D85-F449-4D08-BAA3-AE56F76825B0}.Debug|Any CPU.Build.0 = Debug|Any CPU
		{96414D85-F449-4D08-BAA3-AE56F76825B0}.Release|Any CPU.ActiveCfg = Release|Any CPU
		{96414D85-F449-4D08-BAA3-AE56F76825B0}.Release|Any CPU.Build.0 = Release|Any CPU
	EndGlobalSection
	GlobalSection(MonoDevelopProperties) = preSolution
		StartupItem = SowingCalendar\SowingCalendar.csproj
	EndGlobalSection
EndGlobal
