
Microsoft Visual Studio Solution File, Format Version 12.00
# Visual Studio 2012
Project("{FAE04EC0-301F-11D3-BF4B-00C04F79EFBC}") = "Zk", "Zk\Zk.csproj", "{B0FB3234-7C0E-43D4-9EB3-693F67B05779}"
EndProject
Project("{FAE04EC0-301F-11D3-BF4B-00C04F79EFBC}") = "Zk.Tests", "Zk.Tests\Zk.Tests.csproj", "{365484CC-B85E-41D6-AEAD-37FBDF0C62BD}"
EndProject
Project("{FAE04EC0-301F-11D3-BF4B-00C04F79EFBC}") = "Zk.Migrations", "Zk.Migrations\Zk.Migrations.csproj", "{72DFF461-3E0B-4EFB-919B-4CA33C950B8C}"
EndProject
Global
	GlobalSection(SolutionConfigurationPlatforms) = preSolution
		Debug|Any CPU = Debug|Any CPU
		Release|Any CPU = Release|Any CPU
	EndGlobalSection
	GlobalSection(ProjectConfigurationPlatforms) = postSolution
		{365484CC-B85E-41D6-AEAD-37FBDF0C62BD}.Debug|Any CPU.ActiveCfg = Debug|Any CPU
		{365484CC-B85E-41D6-AEAD-37FBDF0C62BD}.Debug|Any CPU.Build.0 = Debug|Any CPU
		{365484CC-B85E-41D6-AEAD-37FBDF0C62BD}.Release|Any CPU.ActiveCfg = Release|Any CPU
		{365484CC-B85E-41D6-AEAD-37FBDF0C62BD}.Release|Any CPU.Build.0 = Release|Any CPU
		{72DFF461-3E0B-4EFB-919B-4CA33C950B8C}.Debug|Any CPU.ActiveCfg = Debug|Any CPU
		{72DFF461-3E0B-4EFB-919B-4CA33C950B8C}.Debug|Any CPU.Build.0 = Debug|Any CPU
		{72DFF461-3E0B-4EFB-919B-4CA33C950B8C}.Release|Any CPU.ActiveCfg = Release|Any CPU
		{72DFF461-3E0B-4EFB-919B-4CA33C950B8C}.Release|Any CPU.Build.0 = Release|Any CPU
		{B0FB3234-7C0E-43D4-9EB3-693F67B05779}.Debug|Any CPU.ActiveCfg = Debug|Any CPU
		{B0FB3234-7C0E-43D4-9EB3-693F67B05779}.Debug|Any CPU.Build.0 = Debug|Any CPU
		{B0FB3234-7C0E-43D4-9EB3-693F67B05779}.Release|Any CPU.ActiveCfg = Release|Any CPU
		{B0FB3234-7C0E-43D4-9EB3-693F67B05779}.Release|Any CPU.Build.0 = Release|Any CPU
		{36B994C5-4690-428E-BD4B-93CCF6F0319E}.Debug|Any CPU.ActiveCfg = Debug|Any CPU
		{36B994C5-4690-428E-BD4B-93CCF6F0319E}.Debug|Any CPU.Build.0 = Debug|Any CPU
		{36B994C5-4690-428E-BD4B-93CCF6F0319E}.Release|Any CPU.ActiveCfg = Release|Any CPU
		{36B994C5-4690-428E-BD4B-93CCF6F0319E}.Release|Any CPU.Build.0 = Release|Any CPU
	EndGlobalSection
	GlobalSection(MonoDevelopProperties) = preSolution
		Policies = $0
		$0.TextStylePolicy = $1
		$1.FileWidth = 120
		$1.inheritsSet = VisualStudio
		$1.inheritsScope = text/plain
		$1.scope = text/x-csharp
		$0.CSharpFormattingPolicy = $2
		$2.BeforeMethodDeclarationParentheses = False
		$2.BeforeMethodCallParentheses = False
		$2.BeforeConstructorDeclarationParentheses = False
		$2.BeforeIndexerDeclarationBracket = False
		$2.BeforeDelegateDeclarationParentheses = False
		$2.AfterDelegateDeclarationParameterComma = True
		$2.NewParentheses = False
		$2.SpacesBeforeBrackets = False
		$2.inheritsSet = Mono
		$2.inheritsScope = text/x-csharp
		$2.scope = text/x-csharp
		$0.DotNetNamingPolicy = $3
		$3.DirectoryNamespaceAssociation = None
		$3.ResourceNamePolicy = FileFormatDefault
		$0.TextStylePolicy = $4
		$4.FileWidth = 120
		$4.inheritsSet = VisualStudio
		$4.inheritsScope = text/plain
		$4.scope = text/plain
		$0.TextStylePolicy = $5
		$5.FileWidth = 120
		$5.inheritsSet = VisualStudio
		$5.inheritsScope = text/plain
		$5.scope = application/config+xml
		$0.XmlFormattingPolicy = $6
		$6.inheritsSet = null
		$6.scope = application/config+xml
		$0.TextStylePolicy = $7
		$7.FileWidth = 120
		$7.inheritsSet = VisualStudio
		$7.inheritsScope = text/plain
		$7.scope = application/xml
		$0.XmlFormattingPolicy = $8
		$8.inheritsSet = Mono
		$8.inheritsScope = application/xml
		$8.scope = application/xml
		$0.TextStylePolicy = $9
		$9.FileWidth = 120
		$9.inheritsSet = VisualStudio
		$9.inheritsScope = text/plain
		$9.scope = application/x-asax
		$0.TextStylePolicy = $10
		$10.FileWidth = 120
		$10.inheritsSet = VisualStudio
		$10.inheritsScope = text/plain
		$10.scope = text/x-cshtml
		$0.TextStylePolicy = $11
		$11.FileWidth = 120
		$11.inheritsSet = VisualStudio
		$11.inheritsScope = text/plain
		$11.scope = text/css
		$0.TextStylePolicy = $12
		$12.FileWidth = 120
		$12.inheritsSet = VisualStudio
		$12.inheritsScope = text/plain
		$12.scope = application/javascript
		$0.TextStylePolicy = $13
		$13.FileWidth = 120
		$13.inheritsSet = VisualStudio
		$13.inheritsScope = text/plain
		$13.scope = application/x-sh
		$0.TextStylePolicy = $14
		$14.FileWidth = 120
		$14.inheritsSet = VisualStudio
		$14.inheritsScope = text/plain
		$14.scope = text/x-csrc
		$0.TextStylePolicy = $15
		$15.FileWidth = 120
		$15.inheritsSet = VisualStudio
		$15.inheritsScope = text/plain
		$15.scope = application/x-csproject
		$0.XmlFormattingPolicy = $16
		$16.inheritsSet = null
		$16.scope = application/x-csproject
		$0.TextStylePolicy = $17
		$17.FileWidth = 120
		$17.inheritsSet = VisualStudio
		$17.inheritsScope = text/plain
		$17.scope = application/x-msbuild
		$0.XmlFormattingPolicy = $18
		$18.inheritsSet = null
		$18.scope = application/x-msbuild
		$0.TextStylePolicy = $19
		$19.FileWidth = 120
		$19.inheritsSet = VisualStudio
		$19.inheritsScope = text/plain
		$19.scope = text/x-markdown
		$0.TextStylePolicy = $20
		$20.FileWidth = 120
		$20.inheritsSet = VisualStudio
		$20.inheritsScope = text/plain
		$20.scope = text/microsoft-resx
		$0.XmlFormattingPolicy = $21
		$21.inheritsSet = null
		$21.scope = text/microsoft-resx
	EndGlobalSection
EndGlobal
